// !$*UTF8*$!
{
	archiveVersion = 1;
	classes = {
	};
	objectVersion = 56;
	objects = {

/* Begin PBXBuildFile section */
		60017A412924090A00768028 /* CaliperCalculatorViewController.swift in Sources */ = {isa = PBXBuildFile; fileRef = 60017A402924090A00768028 /* CaliperCalculatorViewController.swift */; };
		60017A442924205600768028 /* ResultViewController.swift in Sources */ = {isa = PBXBuildFile; fileRef = 60017A432924205600768028 /* ResultViewController.swift */; };
		603E00C02934D1F9003BDBCB /* GraphModel.swift in Sources */ = {isa = PBXBuildFile; fileRef = 603E00BF2934D1F9003BDBCB /* GraphModel.swift */; };
		603E00C22934DDF7003BDBCB /* ResultModel.swift in Sources */ = {isa = PBXBuildFile; fileRef = 603E00C12934DDF7003BDBCB /* ResultModel.swift */; };
		603E00C42934DE57003BDBCB /* CaliperCalcModel.swift in Sources */ = {isa = PBXBuildFile; fileRef = 603E00C32934DE57003BDBCB /* CaliperCalcModel.swift */; };
		603E00C62934E280003BDBCB /* TapeCalcModel.swift in Sources */ = {isa = PBXBuildFile; fileRef = 603E00C52934E280003BDBCB /* TapeCalcModel.swift */; };
		6043554F291D75BC0023AA5B /* AlbumViewController.swift in Sources */ = {isa = PBXBuildFile; fileRef = 6043554E291D75BC0023AA5B /* AlbumViewController.swift */; };
		60435551291D75CC0023AA5B /* GraphViewController.swift in Sources */ = {isa = PBXBuildFile; fileRef = 60435550291D75CC0023AA5B /* GraphViewController.swift */; };
		60435555291D7C680023AA5B /* CoreDataModel.swift in Sources */ = {isa = PBXBuildFile; fileRef = 60435554291D7C680023AA5B /* CoreDataModel.swift */; };
		605E2A7B2933D23C009E95B4 /* AlbumViewModel.swift in Sources */ = {isa = PBXBuildFile; fileRef = 605E2A7A2933D23C009E95B4 /* AlbumViewModel.swift */; };
		60808645291D676700DAC7BE /* MainViewController.swift in Sources */ = {isa = PBXBuildFile; fileRef = 60808644291D676700DAC7BE /* MainViewController.swift */; };
		608F1EEE2927F180001B98DE /* TapeCalculatorViewController.swift in Sources */ = {isa = PBXBuildFile; fileRef = 608F1EED2927F180001B98DE /* TapeCalculatorViewController.swift */; };
		6097B9E7291976B700773892 /* AppDelegate.swift in Sources */ = {isa = PBXBuildFile; fileRef = 6097B9E6291976B700773892 /* AppDelegate.swift */; };
		6097B9E9291976B700773892 /* SceneDelegate.swift in Sources */ = {isa = PBXBuildFile; fileRef = 6097B9E8291976B700773892 /* SceneDelegate.swift */; };
		6097B9EE291976B700773892 /* Main.storyboard in Resources */ = {isa = PBXBuildFile; fileRef = 6097B9EC291976B700773892 /* Main.storyboard */; };
		6097B9F1291976B700773892 /* FatCalc.xcdatamodeld in Sources */ = {isa = PBXBuildFile; fileRef = 6097B9EF291976B700773892 /* FatCalc.xcdatamodeld */; };
		6097B9F3291976B800773892 /* Assets.xcassets in Resources */ = {isa = PBXBuildFile; fileRef = 6097B9F2291976B800773892 /* Assets.xcassets */; };
		6097B9F6291976B800773892 /* LaunchScreen.storyboard in Resources */ = {isa = PBXBuildFile; fileRef = 6097B9F4291976B800773892 /* LaunchScreen.storyboard */; };
		867FA9C46012822CF4A81400 /* Pods_FatCalc.framework in Frameworks */ = {isa = PBXBuildFile; fileRef = C5E6ADDB23734F8F747095BC /* Pods_FatCalc.framework */; };
/* End PBXBuildFile section */

/* Begin PBXFileReference section */
		60017A402924090A00768028 /* CaliperCalculatorViewController.swift */ = {isa = PBXFileReference; lastKnownFileType = sourcecode.swift; path = CaliperCalculatorViewController.swift; sourceTree = "<group>"; };
		60017A432924205600768028 /* ResultViewController.swift */ = {isa = PBXFileReference; lastKnownFileType = sourcecode.swift; path = ResultViewController.swift; sourceTree = "<group>"; };
		603E00BF2934D1F9003BDBCB /* GraphModel.swift */ = {isa = PBXFileReference; lastKnownFileType = sourcecode.swift; path = GraphModel.swift; sourceTree = "<group>"; };
		603E00C12934DDF7003BDBCB /* ResultModel.swift */ = {isa = PBXFileReference; lastKnownFileType = sourcecode.swift; path = ResultModel.swift; sourceTree = "<group>"; };
		603E00C32934DE57003BDBCB /* CaliperCalcModel.swift */ = {isa = PBXFileReference; lastKnownFileType = sourcecode.swift; path = CaliperCalcModel.swift; sourceTree = "<group>"; };
		603E00C52934E280003BDBCB /* TapeCalcModel.swift */ = {isa = PBXFileReference; lastKnownFileType = sourcecode.swift; path = TapeCalcModel.swift; sourceTree = "<group>"; };
		6043554E291D75BC0023AA5B /* AlbumViewController.swift */ = {isa = PBXFileReference; lastKnownFileType = sourcecode.swift; path = AlbumViewController.swift; sourceTree = "<group>"; };
		60435550291D75CC0023AA5B /* GraphViewController.swift */ = {isa = PBXFileReference; lastKnownFileType = sourcecode.swift; path = GraphViewController.swift; sourceTree = "<group>"; };
		60435554291D7C680023AA5B /* CoreDataModel.swift */ = {isa = PBXFileReference; lastKnownFileType = sourcecode.swift; path = CoreDataModel.swift; sourceTree = "<group>"; };
		605E2A7A2933D23C009E95B4 /* AlbumViewModel.swift */ = {isa = PBXFileReference; lastKnownFileType = sourcecode.swift; path = AlbumViewModel.swift; sourceTree = "<group>"; };
		60808644291D676700DAC7BE /* MainViewController.swift */ = {isa = PBXFileReference; lastKnownFileType = sourcecode.swift; path = MainViewController.swift; sourceTree = "<group>"; };
		608F1EED2927F180001B98DE /* TapeCalculatorViewController.swift */ = {isa = PBXFileReference; lastKnownFileType = sourcecode.swift; path = TapeCalculatorViewController.swift; sourceTree = "<group>"; };
		6097B9E3291976B700773892 /* FatCalc.app */ = {isa = PBXFileReference; explicitFileType = wrapper.application; includeInIndex = 0; path = FatCalc.app; sourceTree = BUILT_PRODUCTS_DIR; };
		6097B9E6291976B700773892 /* AppDelegate.swift */ = {isa = PBXFileReference; lastKnownFileType = sourcecode.swift; path = AppDelegate.swift; sourceTree = "<group>"; };
		6097B9E8291976B700773892 /* SceneDelegate.swift */ = {isa = PBXFileReference; lastKnownFileType = sourcecode.swift; path = SceneDelegate.swift; sourceTree = "<group>"; };
		6097B9ED291976B700773892 /* Base */ = {isa = PBXFileReference; lastKnownFileType = file.storyboard; name = Base; path = Base.lproj/Main.storyboard; sourceTree = "<group>"; };
		6097B9F0291976B700773892 /* FatCalc.xcdatamodel */ = {isa = PBXFileReference; lastKnownFileType = wrapper.xcdatamodel; path = FatCalc.xcdatamodel; sourceTree = "<group>"; };
		6097B9F2291976B800773892 /* Assets.xcassets */ = {isa = PBXFileReference; lastKnownFileType = folder.assetcatalog; path = Assets.xcassets; sourceTree = "<group>"; };
		6097B9F5291976B800773892 /* Base */ = {isa = PBXFileReference; lastKnownFileType = file.storyboard; name = Base; path = Base.lproj/LaunchScreen.storyboard; sourceTree = "<group>"; };
		6097B9F7291976B800773892 /* Info.plist */ = {isa = PBXFileReference; lastKnownFileType = text.plist.xml; path = Info.plist; sourceTree = "<group>"; };
		C5E6ADDB23734F8F747095BC /* Pods_FatCalc.framework */ = {isa = PBXFileReference; explicitFileType = wrapper.framework; includeInIndex = 0; path = Pods_FatCalc.framework; sourceTree = BUILT_PRODUCTS_DIR; };
		EECBBD44B5FEF1603E9D4840 /* Pods-FatCalc.debug.xcconfig */ = {isa = PBXFileReference; includeInIndex = 1; lastKnownFileType = text.xcconfig; name = "Pods-FatCalc.debug.xcconfig"; path = "Target Support Files/Pods-FatCalc/Pods-FatCalc.debug.xcconfig"; sourceTree = "<group>"; };
		F4430FDC28BDFBDBAF1FCE74 /* Pods-FatCalc.release.xcconfig */ = {isa = PBXFileReference; includeInIndex = 1; lastKnownFileType = text.xcconfig; name = "Pods-FatCalc.release.xcconfig"; path = "Target Support Files/Pods-FatCalc/Pods-FatCalc.release.xcconfig"; sourceTree = "<group>"; };
/* End PBXFileReference section */

/* Begin PBXFrameworksBuildPhase section */
		6097B9E0291976B700773892 /* Frameworks */ = {
			isa = PBXFrameworksBuildPhase;
			buildActionMask = 2147483647;
			files = (
				867FA9C46012822CF4A81400 /* Pods_FatCalc.framework in Frameworks */,
			);
			runOnlyForDeploymentPostprocessing = 0;
		};
/* End PBXFrameworksBuildPhase section */

/* Begin PBXGroup section */
		267F26F88DB59FA2A94F7BF9 /* Frameworks */ = {
			isa = PBXGroup;
			children = (
				C5E6ADDB23734F8F747095BC /* Pods_FatCalc.framework */,
			);
			name = Frameworks;
			sourceTree = "<group>";
		};
		3AB455B45406EACE7EF6BE1F /* Pods */ = {
			isa = PBXGroup;
			children = (
				EECBBD44B5FEF1603E9D4840 /* Pods-FatCalc.debug.xcconfig */,
				F4430FDC28BDFBDBAF1FCE74 /* Pods-FatCalc.release.xcconfig */,
			);
			path = Pods;
			sourceTree = "<group>";
		};
		60435556291D7E8F0023AA5B /* Controller */ = {
			isa = PBXGroup;
			children = (
				60017A402924090A00768028 /* CaliperCalculatorViewController.swift */,
				608F1EED2927F180001B98DE /* TapeCalculatorViewController.swift */,
				60017A432924205600768028 /* ResultViewController.swift */,
				60808644291D676700DAC7BE /* MainViewController.swift */,
				60435550291D75CC0023AA5B /* GraphViewController.swift */,
				6043554E291D75BC0023AA5B /* AlbumViewController.swift */,
			);
			path = Controller;
			sourceTree = "<group>";
		};
		605E2A7C2933D32E009E95B4 /* Model */ = {
			isa = PBXGroup;
			children = (
				60435554291D7C680023AA5B /* CoreDataModel.swift */,
				605E2A7A2933D23C009E95B4 /* AlbumViewModel.swift */,
				603E00BF2934D1F9003BDBCB /* GraphModel.swift */,
				603E00C12934DDF7003BDBCB /* ResultModel.swift */,
				603E00C32934DE57003BDBCB /* CaliperCalcModel.swift */,
				603E00C52934E280003BDBCB /* TapeCalcModel.swift */,
			);
			path = Model;
			sourceTree = "<group>";
		};
		605E2A7D2933D35C009E95B4 /* View */ = {
			isa = PBXGroup;
			children = (
				6097B9EC291976B700773892 /* Main.storyboard */,
				6097B9F4291976B800773892 /* LaunchScreen.storyboard */,
			);
			path = View;
			sourceTree = "<group>";
		};
		6097B9DA291976B700773892 = {
			isa = PBXGroup;
			children = (
				6097B9E5291976B700773892 /* FatCalc */,
				6097B9E4291976B700773892 /* Products */,
				3AB455B45406EACE7EF6BE1F /* Pods */,
				267F26F88DB59FA2A94F7BF9 /* Frameworks */,
			);
			sourceTree = "<group>";
		};
		6097B9E4291976B700773892 /* Products */ = {
			isa = PBXGroup;
			children = (
				6097B9E3291976B700773892 /* FatCalc.app */,
			);
			name = Products;
			sourceTree = "<group>";
		};
		6097B9E5291976B700773892 /* FatCalc */ = {
			isa = PBXGroup;
			children = (
				6097B9E6291976B700773892 /* AppDelegate.swift */,
				6097B9E8291976B700773892 /* SceneDelegate.swift */,
				605E2A7C2933D32E009E95B4 /* Model */,
				605E2A7D2933D35C009E95B4 /* View */,
				60435556291D7E8F0023AA5B /* Controller */,
				6097B9F2291976B800773892 /* Assets.xcassets */,
				6097B9F7291976B800773892 /* Info.plist */,
				6097B9EF291976B700773892 /* FatCalc.xcdatamodeld */,
			);
			path = FatCalc;
			sourceTree = "<group>";
		};
/* End PBXGroup section */

/* Begin PBXNativeTarget section */
		6097B9E2291976B700773892 /* FatCalc */ = {
			isa = PBXNativeTarget;
			buildConfigurationList = 6097B9FA291976B800773892 /* Build configuration list for PBXNativeTarget "FatCalc" */;
			buildPhases = (
				DDB238B15311B747FC22A8ED /* [CP] Check Pods Manifest.lock */,
				6097B9DF291976B700773892 /* Sources */,
				6097B9E0291976B700773892 /* Frameworks */,
				6097B9E1291976B700773892 /* Resources */,
				36B548C7D34C4E5F27E3C8B5 /* [CP] Embed Pods Frameworks */,
			);
			buildRules = (
			);
			dependencies = (
			);
			name = FatCalc;
			productName = FatCalc;
			productReference = 6097B9E3291976B700773892 /* FatCalc.app */;
			productType = "com.apple.product-type.application";
		};
/* End PBXNativeTarget section */

/* Begin PBXProject section */
		6097B9DB291976B700773892 /* Project object */ = {
			isa = PBXProject;
			attributes = {
				BuildIndependentTargetsInParallel = 1;
				LastSwiftUpdateCheck = 1400;
				LastUpgradeCheck = 1400;
				TargetAttributes = {
					6097B9E2291976B700773892 = {
						CreatedOnToolsVersion = 14.0.1;
					};
				};
			};
			buildConfigurationList = 6097B9DE291976B700773892 /* Build configuration list for PBXProject "FatCalc" */;
			compatibilityVersion = "Xcode 14.0";
			developmentRegion = en;
			hasScannedForEncodings = 0;
			knownRegions = (
				en,
				Base,
			);
			mainGroup = 6097B9DA291976B700773892;
			productRefGroup = 6097B9E4291976B700773892 /* Products */;
			projectDirPath = "";
			projectRoot = "";
			targets = (
				6097B9E2291976B700773892 /* FatCalc */,
			);
		};
/* End PBXProject section */

/* Begin PBXResourcesBuildPhase section */
		6097B9E1291976B700773892 /* Resources */ = {
			isa = PBXResourcesBuildPhase;
			buildActionMask = 2147483647;
			files = (
				6097B9F6291976B800773892 /* LaunchScreen.storyboard in Resources */,
				6097B9F3291976B800773892 /* Assets.xcassets in Resources */,
				6097B9EE291976B700773892 /* Main.storyboard in Resources */,
			);
			runOnlyForDeploymentPostprocessing = 0;
		};
/* End PBXResourcesBuildPhase section */

/* Begin PBXShellScriptBuildPhase section */
		36B548C7D34C4E5F27E3C8B5 /* [CP] Embed Pods Frameworks */ = {
			isa = PBXShellScriptBuildPhase;
			buildActionMask = 2147483647;
			files = (
			);
			inputFileListPaths = (
				"${PODS_ROOT}/Target Support Files/Pods-FatCalc/Pods-FatCalc-frameworks-${CONFIGURATION}-input-files.xcfilelist",
			);
			name = "[CP] Embed Pods Frameworks";
			outputFileListPaths = (
				"${PODS_ROOT}/Target Support Files/Pods-FatCalc/Pods-FatCalc-frameworks-${CONFIGURATION}-output-files.xcfilelist",
			);
			runOnlyForDeploymentPostprocessing = 0;
			shellPath = /bin/sh;
			shellScript = "\"${PODS_ROOT}/Target Support Files/Pods-FatCalc/Pods-FatCalc-frameworks.sh\"\n";
			showEnvVarsInLog = 0;
		};
		DDB238B15311B747FC22A8ED /* [CP] Check Pods Manifest.lock */ = {
			isa = PBXShellScriptBuildPhase;
			buildActionMask = 2147483647;
			files = (
			);
			inputFileListPaths = (
			);
			inputPaths = (
				"${PODS_PODFILE_DIR_PATH}/Podfile.lock",
				"${PODS_ROOT}/Manifest.lock",
			);
			name = "[CP] Check Pods Manifest.lock";
			outputFileListPaths = (
			);
			outputPaths = (
				"$(DERIVED_FILE_DIR)/Pods-FatCalc-checkManifestLockResult.txt",
			);
			runOnlyForDeploymentPostprocessing = 0;
			shellPath = /bin/sh;
			shellScript = "diff \"${PODS_PODFILE_DIR_PATH}/Podfile.lock\" \"${PODS_ROOT}/Manifest.lock\" > /dev/null\nif [ $? != 0 ] ; then\n    # print error to STDERR\n    echo \"error: The sandbox is not in sync with the Podfile.lock. Run 'pod install' or update your CocoaPods installation.\" >&2\n    exit 1\nfi\n# This output is used by Xcode 'outputs' to avoid re-running this script phase.\necho \"SUCCESS\" > \"${SCRIPT_OUTPUT_FILE_0}\"\n";
			showEnvVarsInLog = 0;
		};
/* End PBXShellScriptBuildPhase section */

/* Begin PBXSourcesBuildPhase section */
		6097B9DF291976B700773892 /* Sources */ = {
			isa = PBXSourcesBuildPhase;
			buildActionMask = 2147483647;
			files = (
				60435555291D7C680023AA5B /* CoreDataModel.swift in Sources */,
				603E00C42934DE57003BDBCB /* CaliperCalcModel.swift in Sources */,
				60017A412924090A00768028 /* CaliperCalculatorViewController.swift in Sources */,
				603E00C02934D1F9003BDBCB /* GraphModel.swift in Sources */,
				603E00C62934E280003BDBCB /* TapeCalcModel.swift in Sources */,
				6097B9E7291976B700773892 /* AppDelegate.swift in Sources */,
				608F1EEE2927F180001B98DE /* TapeCalculatorViewController.swift in Sources */,
				60808645291D676700DAC7BE /* MainViewController.swift in Sources */,
				6097B9F1291976B700773892 /* FatCalc.xcdatamodeld in Sources */,
				6043554F291D75BC0023AA5B /* AlbumViewController.swift in Sources */,
				60435551291D75CC0023AA5B /* GraphViewController.swift in Sources */,
				6097B9E9291976B700773892 /* SceneDelegate.swift in Sources */,
				603E00C22934DDF7003BDBCB /* ResultModel.swift in Sources */,
				605E2A7B2933D23C009E95B4 /* AlbumViewModel.swift in Sources */,
				60017A442924205600768028 /* ResultViewController.swift in Sources */,
			);
			runOnlyForDeploymentPostprocessing = 0;
		};
/* End PBXSourcesBuildPhase section */

/* Begin PBXVariantGroup section */
		6097B9EC291976B700773892 /* Main.storyboard */ = {
			isa = PBXVariantGroup;
			children = (
				6097B9ED291976B700773892 /* Base */,
			);
			name = Main.storyboard;
			sourceTree = "<group>";
		};
		6097B9F4291976B800773892 /* LaunchScreen.storyboard */ = {
			isa = PBXVariantGroup;
			children = (
				6097B9F5291976B800773892 /* Base */,
			);
			name = LaunchScreen.storyboard;
			sourceTree = "<group>";
		};
/* End PBXVariantGroup section */

/* Begin XCBuildConfiguration section */
		6097B9F8291976B800773892 /* Debug */ = {
			isa = XCBuildConfiguration;
			buildSettings = {
				ALWAYS_SEARCH_USER_PATHS = NO;
				CLANG_ANALYZER_NONNULL = YES;
				CLANG_ANALYZER_NUMBER_OBJECT_CONVERSION = YES_AGGRESSIVE;
				CLANG_CXX_LANGUAGE_STANDARD = "gnu++20";
				CLANG_ENABLE_MODULES = YES;
				CLANG_ENABLE_OBJC_ARC = YES;
				CLANG_ENABLE_OBJC_WEAK = YES;
				CLANG_WARN_BLOCK_CAPTURE_AUTORELEASING = YES;
				CLANG_WARN_BOOL_CONVERSION = YES;
				CLANG_WARN_COMMA = YES;
				CLANG_WARN_CONSTANT_CONVERSION = YES;
				CLANG_WARN_DEPRECATED_OBJC_IMPLEMENTATIONS = YES;
				CLANG_WARN_DIRECT_OBJC_ISA_USAGE = YES_ERROR;
				CLANG_WARN_DOCUMENTATION_COMMENTS = YES;
				CLANG_WARN_EMPTY_BODY = YES;
				CLANG_WARN_ENUM_CONVERSION = YES;
				CLANG_WARN_INFINITE_RECURSION = YES;
				CLANG_WARN_INT_CONVERSION = YES;
				CLANG_WARN_NON_LITERAL_NULL_CONVERSION = YES;
				CLANG_WARN_OBJC_IMPLICIT_RETAIN_SELF = YES;
				CLANG_WARN_OBJC_LITERAL_CONVERSION = YES;
				CLANG_WARN_OBJC_ROOT_CLASS = YES_ERROR;
				CLANG_WARN_QUOTED_INCLUDE_IN_FRAMEWORK_HEADER = YES;
				CLANG_WARN_RANGE_LOOP_ANALYSIS = YES;
				CLANG_WARN_STRICT_PROTOTYPES = YES;
				CLANG_WARN_SUSPICIOUS_MOVE = YES;
				CLANG_WARN_UNGUARDED_AVAILABILITY = YES_AGGRESSIVE;
				CLANG_WARN_UNREACHABLE_CODE = YES;
				CLANG_WARN__DUPLICATE_METHOD_MATCH = YES;
				COPY_PHASE_STRIP = NO;
				DEBUG_INFORMATION_FORMAT = dwarf;
				ENABLE_STRICT_OBJC_MSGSEND = YES;
				ENABLE_TESTABILITY = YES;
				GCC_C_LANGUAGE_STANDARD = gnu11;
				GCC_DYNAMIC_NO_PIC = NO;
				GCC_NO_COMMON_BLOCKS = YES;
				GCC_OPTIMIZATION_LEVEL = 0;
				GCC_PREPROCESSOR_DEFINITIONS = (
					"DEBUG=1",
					"$(inherited)",
				);
				GCC_WARN_64_TO_32_BIT_CONVERSION = YES;
				GCC_WARN_ABOUT_RETURN_TYPE = YES_ERROR;
				GCC_WARN_UNDECLARED_SELECTOR = YES;
				GCC_WARN_UNINITIALIZED_AUTOS = YES_AGGRESSIVE;
				GCC_WARN_UNUSED_FUNCTION = YES;
				GCC_WARN_UNUSED_VARIABLE = YES;
				IPHONEOS_DEPLOYMENT_TARGET = 16.0;
				MTL_ENABLE_DEBUG_INFO = INCLUDE_SOURCE;
				MTL_FAST_MATH = YES;
				ONLY_ACTIVE_ARCH = YES;
				SDKROOT = iphoneos;
				SWIFT_ACTIVE_COMPILATION_CONDITIONS = DEBUG;
				SWIFT_OPTIMIZATION_LEVEL = "-Onone";
			};
			name = Debug;
		};
		6097B9F9291976B800773892 /* Release */ = {
			isa = XCBuildConfiguration;
			buildSettings = {
				ALWAYS_SEARCH_USER_PATHS = NO;
				CLANG_ANALYZER_NONNULL = YES;
				CLANG_ANALYZER_NUMBER_OBJECT_CONVERSION = YES_AGGRESSIVE;
				CLANG_CXX_LANGUAGE_STANDARD = "gnu++20";
				CLANG_ENABLE_MODULES = YES;
				CLANG_ENABLE_OBJC_ARC = YES;
				CLANG_ENABLE_OBJC_WEAK = YES;
				CLANG_WARN_BLOCK_CAPTURE_AUTORELEASING = YES;
				CLANG_WARN_BOOL_CONVERSION = YES;
				CLANG_WARN_COMMA = YES;
				CLANG_WARN_CONSTANT_CONVERSION = YES;
				CLANG_WARN_DEPRECATED_OBJC_IMPLEMENTATIONS = YES;
				CLANG_WARN_DIRECT_OBJC_ISA_USAGE = YES_ERROR;
				CLANG_WARN_DOCUMENTATION_COMMENTS = YES;
				CLANG_WARN_EMPTY_BODY = YES;
				CLANG_WARN_ENUM_CONVERSION = YES;
				CLANG_WARN_INFINITE_RECURSION = YES;
				CLANG_WARN_INT_CONVERSION = YES;
				CLANG_WARN_NON_LITERAL_NULL_CONVERSION = YES;
				CLANG_WARN_OBJC_IMPLICIT_RETAIN_SELF = YES;
				CLANG_WARN_OBJC_LITERAL_CONVERSION = YES;
				CLANG_WARN_OBJC_ROOT_CLASS = YES_ERROR;
				CLANG_WARN_QUOTED_INCLUDE_IN_FRAMEWORK_HEADER = YES;
				CLANG_WARN_RANGE_LOOP_ANALYSIS = YES;
				CLANG_WARN_STRICT_PROTOTYPES = YES;
				CLANG_WARN_SUSPICIOUS_MOVE = YES;
				CLANG_WARN_UNGUARDED_AVAILABILITY = YES_AGGRESSIVE;
				CLANG_WARN_UNREACHABLE_CODE = YES;
				CLANG_WARN__DUPLICATE_METHOD_MATCH = YES;
				COPY_PHASE_STRIP = NO;
				DEBUG_INFORMATION_FORMAT = "dwarf-with-dsym";
				ENABLE_NS_ASSERTIONS = NO;
				ENABLE_STRICT_OBJC_MSGSEND = YES;
				GCC_C_LANGUAGE_STANDARD = gnu11;
				GCC_NO_COMMON_BLOCKS = YES;
				GCC_WARN_64_TO_32_BIT_CONVERSION = YES;
				GCC_WARN_ABOUT_RETURN_TYPE = YES_ERROR;
				GCC_WARN_UNDECLARED_SELECTOR = YES;
				GCC_WARN_UNINITIALIZED_AUTOS = YES_AGGRESSIVE;
				GCC_WARN_UNUSED_FUNCTION = YES;
				GCC_WARN_UNUSED_VARIABLE = YES;
				IPHONEOS_DEPLOYMENT_TARGET = 16.0;
				MTL_ENABLE_DEBUG_INFO = NO;
				MTL_FAST_MATH = YES;
				SDKROOT = iphoneos;
				SWIFT_COMPILATION_MODE = wholemodule;
				SWIFT_OPTIMIZATION_LEVEL = "-O";
				VALIDATE_PRODUCT = YES;
			};
			name = Release;
		};
		6097B9FB291976B800773892 /* Debug */ = {
			isa = XCBuildConfiguration;
			baseConfigurationReference = EECBBD44B5FEF1603E9D4840 /* Pods-FatCalc.debug.xcconfig */;
			buildSettings = {
				ASSETCATALOG_COMPILER_APPICON_NAME = AppIcon;
				ASSETCATALOG_COMPILER_GLOBAL_ACCENT_COLOR_NAME = AccentColor;
				CODE_SIGN_STYLE = Automatic;
				CURRENT_PROJECT_VERSION = 1;
				DEVELOPMENT_TEAM = TAJ6K5RR87;
				GENERATE_INFOPLIST_FILE = YES;
				INFOPLIST_FILE = FatCalc/Info.plist;
				INFOPLIST_KEY_UIApplicationSupportsIndirectInputEvents = YES;
				INFOPLIST_KEY_UILaunchStoryboardName = LaunchScreen;
				INFOPLIST_KEY_UIMainStoryboardFile = Main;
				INFOPLIST_KEY_UISupportedInterfaceOrientations_iPad = "UIInterfaceOrientationPortrait UIInterfaceOrientationPortraitUpsideDown UIInterfaceOrientationLandscapeLeft UIInterfaceOrientationLandscapeRight";
				INFOPLIST_KEY_UISupportedInterfaceOrientations_iPhone = "UIInterfaceOrientationPortrait UIInterfaceOrientationLandscapeLeft UIInterfaceOrientationLandscapeRight";
				LD_RUNPATH_SEARCH_PATHS = (
					"$(inherited)",
					"@executable_path/Frameworks",
				);
				MARKETING_VERSION = 1.0;
				PRODUCT_BUNDLE_IDENTIFIER = co.swego26.FatCalc;
				PRODUCT_NAME = "$(TARGET_NAME)";
				SWIFT_EMIT_LOC_STRINGS = YES;
				SWIFT_VERSION = 5.0;
				TARGETED_DEVICE_FAMILY = "1,2";
			};
			name = Debug;
		};
		6097B9FC291976B800773892 /* Release */ = {
			isa = XCBuildConfiguration;
			baseConfigurationReference = F4430FDC28BDFBDBAF1FCE74 /* Pods-FatCalc.release.xcconfig */;
			buildSettings = {
				ASSETCATALOG_COMPILER_APPICON_NAME = AppIcon;
				ASSETCATALOG_COMPILER_GLOBAL_ACCENT_COLOR_NAME = AccentColor;
				CODE_SIGN_STYLE = Automatic;
				CURRENT_PROJECT_VERSION = 1;
				DEVELOPMENT_TEAM = TAJ6K5RR87;
				GENERATE_INFOPLIST_FILE = YES;
				INFOPLIST_FILE = FatCalc/Info.plist;
				INFOPLIST_KEY_UIApplicationSupportsIndirectInputEvents = YES;
				INFOPLIST_KEY_UILaunchStoryboardName = LaunchScreen;
				INFOPLIST_KEY_UIMainStoryboardFile = Main;
				INFOPLIST_KEY_UISupportedInterfaceOrientations_iPad = "UIInterfaceOrientationPortrait UIInterfaceOrientationPortraitUpsideDown UIInterfaceOrientationLandscapeLeft UIInterfaceOrientationLandscapeRight";
				INFOPLIST_KEY_UISupportedInterfaceOrientations_iPhone = "UIInterfaceOrientationPortrait UIInterfaceOrientationLandscapeLeft UIInterfaceOrientationLandscapeRight";
				LD_RUNPATH_SEARCH_PATHS = (
					"$(inherited)",
					"@executable_path/Frameworks",
				);
				MARKETING_VERSION = 1.0;
				PRODUCT_BUNDLE_IDENTIFIER = co.swego26.FatCalc;
				PRODUCT_NAME = "$(TARGET_NAME)";
				SWIFT_EMIT_LOC_STRINGS = YES;
				SWIFT_VERSION = 5.0;
				TARGETED_DEVICE_FAMILY = "1,2";
			};
			name = Release;
		};
/* End XCBuildConfiguration section */

/* Begin XCConfigurationList section */
		6097B9DE291976B700773892 /* Build configuration list for PBXProject "FatCalc" */ = {
			isa = XCConfigurationList;
			buildConfigurations = (
				6097B9F8291976B800773892 /* Debug */,
				6097B9F9291976B800773892 /* Release */,
			);
			defaultConfigurationIsVisible = 0;
			defaultConfigurationName = Release;
		};
		6097B9FA291976B800773892 /* Build configuration list for PBXNativeTarget "FatCalc" */ = {
			isa = XCConfigurationList;
			buildConfigurations = (
				6097B9FB291976B800773892 /* Debug */,
				6097B9FC291976B800773892 /* Release */,
			);
			defaultConfigurationIsVisible = 0;
			defaultConfigurationName = Release;
		};
/* End XCConfigurationList section */

/* Begin XCVersionGroup section */
		6097B9EF291976B700773892 /* FatCalc.xcdatamodeld */ = {
			isa = XCVersionGroup;
			children = (
				6097B9F0291976B700773892 /* FatCalc.xcdatamodel */,
			);
			currentVersion = 6097B9F0291976B700773892 /* FatCalc.xcdatamodel */;
			path = FatCalc.xcdatamodeld;
			sourceTree = "<group>";
			versionGroupType = wrapper.xcdatamodel;
		};
/* End XCVersionGroup section */
	};
	rootObject = 6097B9DB291976B700773892 /* Project object */;
}
